
Microsoft Visual Studio Solution File, Format Version 12.00
# Visual Studio Version 16
VisualStudioVersion = 16.0.30907.101
MinimumVisualStudioVersion = 10.0.40219.1
Project("{8BC9CEB8-8B4A-11D0-8D11-00A0C91BC942}") = "Editor", "Editor\Editor.vcxproj", "{D307EA5F-FFB0-4898-B18E-756FD53642DB}"
EndProject
Project("{8BC9CEB8-8B4A-11D0-8D11-00A0C91BC942}") = "Engine", "Engine\Engine.vcxproj", "{FE6FEFA0-E75E-470C-BDFB-0A8D432A06D1}"
EndProject
Project("{8BC9CEB8-8B4A-11D0-8D11-00A0C91BC942}") = "ImGui", "ThirdParty\ImGui.vcxproj", "{9BEDAC37-B062-40FB-AA21-257BD86D0076}"
EndProject
Project("{8BC9CEB8-8B4A-11D0-8D11-00A0C91BC942}") = "OpenVSLAM", "ThirdParty\OpenVSLAM.vcxproj", "{1038EAA9-012A-4735-A256-2C933243A6E9}"
EndProject
Project("{2150E333-8FDC-42A3-9474-1A3956D46DE8}") = "ThirdParty", "ThirdParty", "{432E3B37-349C-4EC5-8A69-C89156C2CDC1}"
EndProject
Project("{8BC9CEB8-8B4A-11D0-8D11-00A0C91BC942}") = "FBoW", "ThirdParty\FBoW.vcxproj", "{E2E39350-4F7B-4EB8-82CA-CAFFC4D2D4BE}"
EndProject
Project("{8BC9CEB8-8B4A-11D0-8D11-00A0C91BC942}") = "NodeEd", "ThirdParty\NodeEd.vcxproj", "{3C4FFEDC-2839-4246-B376-32F616DA37D2}"
EndProject
Project("{8BC9CEB8-8B4A-11D0-8D11-00A0C91BC942}") = "ImGuizmo", "ThirdParty\ImGuizmo.vcxproj", "{A2C1FBBE-7FE7-4274-987A-B90D7F13E4CC}"
EndProject
Global
	GlobalSection(SolutionConfigurationPlatforms) = preSolution
		Debug|x64 = Debug|x64
		Debug|x86 = Debug|x86
		Release|x64 = Release|x64
		Release|x86 = Release|x86
	EndGlobalSection
	GlobalSection(ProjectConfigurationPlatforms) = postSolution
		{D307EA5F-FFB0-4898-B18E-756FD53642DB}.Debug|x64.ActiveCfg = Debug|x64
		{D307EA5F-FFB0-4898-B18E-756FD53642DB}.Debug|x64.Build.0 = Debug|x64
		{D307EA5F-FFB0-4898-B18E-756FD53642DB}.Debug|x86.ActiveCfg = Debug|Win32
		{D307EA5F-FFB0-4898-B18E-756FD53642DB}.Debug|x86.Build.0 = Debug|Win32
		{D307EA5F-FFB0-4898-B18E-756FD53642DB}.Release|x64.ActiveCfg = Release|x64
		{D307EA5F-FFB0-4898-B18E-756FD53642DB}.Release|x64.Build.0 = Release|x64
		{D307EA5F-FFB0-4898-B18E-756FD53642DB}.Release|x86.ActiveCfg = Release|Win32
		{D307EA5F-FFB0-4898-B18E-756FD53642DB}.Release|x86.Build.0 = Release|Win32
		{FE6FEFA0-E75E-470C-BDFB-0A8D432A06D1}.Debug|x64.ActiveCfg = Debug|x64
		{FE6FEFA0-E75E-470C-BDFB-0A8D432A06D1}.Debug|x64.Build.0 = Debug|x64
		{FE6FEFA0-E75E-470C-BDFB-0A8D432A06D1}.Debug|x86.ActiveCfg = Debug|Win32
		{FE6FEFA0-E75E-470C-BDFB-0A8D432A06D1}.Debug|x86.Build.0 = Debug|Win32
		{FE6FEFA0-E75E-470C-BDFB-0A8D432A06D1}.Release|x64.ActiveCfg = Release|x64
		{FE6FEFA0-E75E-470C-BDFB-0A8D432A06D1}.Release|x64.Build.0 = Release|x64
		{FE6FEFA0-E75E-470C-BDFB-0A8D432A06D1}.Release|x86.ActiveCfg = Release|Win32
		{FE6FEFA0-E75E-470C-BDFB-0A8D432A06D1}.Release|x86.Build.0 = Release|Win32
		{9BEDAC37-B062-40FB-AA21-257BD86D0076}.Debug|x64.ActiveCfg = Debug|x64
		{9BEDAC37-B062-40FB-AA21-257BD86D0076}.Debug|x64.Build.0 = Debug|x64
		{9BEDAC37-B062-40FB-AA21-257BD86D0076}.Debug|x86.ActiveCfg = Debug|Win32
		{9BEDAC37-B062-40FB-AA21-257BD86D0076}.Debug|x86.Build.0 = Debug|Win32
		{9BEDAC37-B062-40FB-AA21-257BD86D0076}.Release|x64.ActiveCfg = Release|x64
		{9BEDAC37-B062-40FB-AA21-257BD86D0076}.Release|x64.Build.0 = Release|x64
		{9BEDAC37-B062-40FB-AA21-257BD86D0076}.Release|x86.ActiveCfg = Release|Win32
		{9BEDAC37-B062-40FB-AA21-257BD86D0076}.Release|x86.Build.0 = Release|Win32
		{1038EAA9-012A-4735-A256-2C933243A6E9}.Debug|x64.ActiveCfg = Debug|x64
		{1038EAA9-012A-4735-A256-2C933243A6E9}.Debug|x64.Build.0 = Debug|x64
		{1038EAA9-012A-4735-A256-2C933243A6E9}.Debug|x86.ActiveCfg = Debug|Win32
		{1038EAA9-012A-4735-A256-2C933243A6E9}.Debug|x86.Build.0 = Debug|Win32
		{1038EAA9-012A-4735-A256-2C933243A6E9}.Release|x64.ActiveCfg = Release|x64
		{1038EAA9-012A-4735-A256-2C933243A6E9}.Release|x64.Build.0 = Release|x64
		{1038EAA9-012A-4735-A256-2C933243A6E9}.Release|x86.ActiveCfg = Release|Win32
		{1038EAA9-012A-4735-A256-2C933243A6E9}.Release|x86.Build.0 = Release|Win32
		{E2E39350-4F7B-4EB8-82CA-CAFFC4D2D4BE}.Debug|x64.ActiveCfg = Debug|x64
		{E2E39350-4F7B-4EB8-82CA-CAFFC4D2D4BE}.Debug|x64.Build.0 = Debug|x64
		{E2E39350-4F7B-4EB8-82CA-CAFFC4D2D4BE}.Debug|x86.ActiveCfg = Debug|Win32
		{E2E39350-4F7B-4EB8-82CA-CAFFC4D2D4BE}.Debug|x86.Build.0 = Debug|Win32
		{E2E39350-4F7B-4EB8-82CA-CAFFC4D2D4BE}.Release|x64.ActiveCfg = Release|x64
		{E2E39350-4F7B-4EB8-82CA-CAFFC4D2D4BE}.Release|x64.Build.0 = Release|x64
		{E2E39350-4F7B-4EB8-82CA-CAFFC4D2D4BE}.Release|x86.ActiveCfg = Release|Win32
		{E2E39350-4F7B-4EB8-82CA-CAFFC4D2D4BE}.Release|x86.Build.0 = Release|Win32
		{3C4FFEDC-2839-4246-B376-32F616DA37D2}.Debug|x64.ActiveCfg = Debug|x64
		{3C4FFEDC-2839-4246-B376-32F616DA37D2}.Debug|x64.Build.0 = Debug|x64
		{3C4FFEDC-2839-4246-B376-32F616DA37D2}.Debug|x86.ActiveCfg = Debug|Win32
		{3C4FFEDC-2839-4246-B376-32F616DA37D2}.Debug|x86.Build.0 = Debug|Win32
		{3C4FFEDC-2839-4246-B376-32F616DA37D2}.Release|x64.ActiveCfg = Release|x64
		{3C4FFEDC-2839-4246-B376-32F616DA37D2}.Release|x64.Build.0 = Release|x64
		{3C4FFEDC-2839-4246-B376-32F616DA37D2}.Release|x86.ActiveCfg = Release|Win32
		{3C4FFEDC-2839-4246-B376-32F616DA37D2}.Release|x86.Build.0 = Release|Win32
		{A2C1FBBE-7FE7-4274-987A-B90D7F13E4CC}.Debug|x64.ActiveCfg = Debug|x64
		{A2C1FBBE-7FE7-4274-987A-B90D7F13E4CC}.Debug|x64.Build.0 = Debug|x64
		{A2C1FBBE-7FE7-4274-987A-B90D7F13E4CC}.Debug|x86.ActiveCfg = Debug|Win32
		{A2C1FBBE-7FE7-4274-987A-B90D7F13E4CC}.Debug|x86.Build.0 = Debug|Win32
		{A2C1FBBE-7FE7-4274-987A-B90D7F13E4CC}.Release|x64.ActiveCfg = Release|x64
		{A2C1FBBE-7FE7-4274-987A-B90D7F13E4CC}.Release|x64.Build.0 = Release|x64
		{A2C1FBBE-7FE7-4274-987A-B90D7F13E4CC}.Release|x86.ActiveCfg = Release|Win32
		{A2C1FBBE-7FE7-4274-987A-B90D7F13E4CC}.Release|x86.Build.0 = Release|Win32
	EndGlobalSection
	GlobalSection(SolutionProperties) = preSolution
		HideSolutionNode = FALSE
	EndGlobalSection
	GlobalSection(NestedProjects) = preSolution
		{9BEDAC37-B062-40FB-AA21-257BD86D0076} = {432E3B37-349C-4EC5-8A69-C89156C2CDC1}
		{1038EAA9-012A-4735-A256-2C933243A6E9} = {432E3B37-349C-4EC5-8A69-C89156C2CDC1}
		{E2E39350-4F7B-4EB8-82CA-CAFFC4D2D4BE} = {432E3B37-349C-4EC5-8A69-C89156C2CDC1}
		{3C4FFEDC-2839-4246-B376-32F616DA37D2} = {432E3B37-349C-4EC5-8A69-C89156C2CDC1}
		{A2C1FBBE-7FE7-4274-987A-B90D7F13E4CC} = {432E3B37-349C-4EC5-8A69-C89156C2CDC1}
	EndGlobalSection
	GlobalSection(ExtensibilityGlobals) = postSolution
		SolutionGuid = {690ABDD9-DF23-4A6F-B56C-BF4FA0B38E04}
	EndGlobalSection
EndGlobal
