<?xml version="1.0" encoding="utf-8"?>
<Project ToolsVersion="4.0" xmlns="http://schemas.microsoft.com/developer/msbuild/2003">
  <ItemGroup>
    <Filter Include="Source Files">
      <UniqueIdentifier>{4FC737F1-C7A5-4376-A066-2A32D752A2FF}</UniqueIdentifier>
      <Extensions>cpp;c;cc;cxx;c++;cppm;ixx;def;odl;idl;hpj;bat;asm;asmx</Extensions>
    </Filter>
    <Filter Include="Header Files">
      <UniqueIdentifier>{93995380-89BD-4b04-88EB-625FBE52EBFB}</UniqueIdentifier>
      <Extensions>h;hh;hpp;hxx;h++;hm;inl;inc;ipp;xsd</Extensions>
    </Filter>
    <Filter Include="Resource Files">
      <UniqueIdentifier>{67DA6AB6-F800-4c08-8B7A-83BB121AAD01}</UniqueIdentifier>
      <Extensions>rc;ico;cur;bmp;dlg;rc2;rct;bin;rgs;gif;jpg;jpeg;jpe;resx;tiff;tif;png;wav;mfcribbon-ms</Extensions>
    </Filter>
  </ItemGroup>
  <ItemGroup>
    <ClCompile Include="Core.cpp">
      <Filter>Source Files</Filter>
    </ClCompile>
    <ClCompile Include="Main.cpp">
      <Filter>Source Files</Filter>
    </ClCompile>
    <ClCompile Include="Window.cpp">
      <Filter>Source Files</Filter>
    </ClCompile>
    <ClCompile Include="Views\MapViewer.cpp">
      <Filter>Source Files</Filter>
    </ClCompile>
    <ClCompile Include="Views\NodeEditor.cpp">
      <Filter>Source Files</Filter>
    </ClCompile>
    <ClCompile Include="Views\Outliner.cpp">
      <Filter>Source Files</Filter>
    </ClCompile>
    <ClCompile Include="Views\PropertyEditor.cpp">
      <Filter>Source Files</Filter>
    </ClCompile>
    <ClCompile Include="Views\Sequencer.cpp">
      <Filter>Source Files</Filter>
    </ClCompile>
    <ClCompile Include="Views\TaskPanel.cpp">
      <Filter>Source Files</Filter>
    </ClCompile>
    <ClCompile Include="Views\Toolbar.cpp">
      <Filter>Source Files</Filter>
    </ClCompile>
    <ClCompile Include="Views\VideoPreview.cpp">
      <Filter>Source Files</Filter>
    </ClCompile>
    <ClCompile Include="Tasks\OpenVslamTask.cpp">
      <Filter>Source Files</Filter>
    </ClCompile>
    <ClCompile Include="Tasks\Viso2Task.cpp">
      <Filter>Source Files</Filter>
    </ClCompile>
    <ClCompile Include="Tasks\MeshImportTask.cpp">
      <Filter>Source Files</Filter>
    </ClCompile>
    <ClCompile Include="Nodes\SlamNode.cpp">
      <Filter>Source Files</Filter>
    </ClCompile>
    <ClCompile Include="Tasks\TaskWorker.cpp">
      <Filter>Source Files</Filter>
    </ClCompile>
    <ClCompile Include="Nodes\MapViewNode.cpp">
      <Filter>Source Files</Filter>
    </ClCompile>
    <ClCompile Include="Nodes\VideoPrevNode.cpp">
      <Filter>Source Files</Filter>
    </ClCompile>
    <ClCompile Include="Nodes\FileNode.cpp">
      <Filter>Source Files</Filter>
    </ClCompile>
  </ItemGroup>
  <ItemGroup>
    <ClInclude Include="Core.h">
      <Filter>Header Files</Filter>
    </ClInclude>
    <ClInclude Include="Global.h">
      <Filter>Header Files</Filter>
    </ClInclude>
    <ClInclude Include="Utils.hpp">
      <Filter>Header Files</Filter>
    </ClInclude>
    <ClInclude Include="Window.h">
      <Filter>Header Files</Filter>
    </ClInclude>
    <ClInclude Include="Views\IView.hpp">
      <Filter>Header Files</Filter>
    </ClInclude>
    <ClInclude Include="Views\MapViewer.h">
      <Filter>Header Files</Filter>
    </ClInclude>
    <ClInclude Include="Views\NodeEditor.h">
      <Filter>Header Files</Filter>
    </ClInclude>
    <ClInclude Include="Views\Outliner.h">
      <Filter>Header Files</Filter>
    </ClInclude>
    <ClInclude Include="Views\PropertyEditor.h">
      <Filter>Header Files</Filter>
    </ClInclude>
    <ClInclude Include="Views\Sequencer.h">
      <Filter>Header Files</Filter>
    </ClInclude>
    <ClInclude Include="Views\TaskPanel.h">
      <Filter>Header Files</Filter>
    </ClInclude>
    <ClInclude Include="Views\Toolbar.h">
      <Filter>Header Files</Filter>
    </ClInclude>
    <ClInclude Include="Views\VideoPreview.h">
      <Filter>Header Files</Filter>
    </ClInclude>
    <ClInclude Include="Base\ScopeMutexLock.hpp">
      <Filter>Header Files</Filter>
    </ClInclude>
    <ClInclude Include="Base\Percentage.hpp">
      <Filter>Header Files</Filter>
    </ClInclude>
    <ClInclude Include="Tasks\OpenVslamTask.h">
      <Filter>Header Files</Filter>
    </ClInclude>
    <ClInclude Include="Tasks\Viso2Task.h">
      <Filter>Header Files</Filter>
    </ClInclude>
    <ClInclude Include="Tasks\TaskWorker.h">
      <Filter>Header Files</Filter>
    </ClInclude>
    <ClInclude Include="Tasks\MeshImportTask.h">
      <Filter>Header Files</Filter>
    </ClInclude>
    <ClInclude Include="Nodes\SlamNode.h">
      <Filter>Header Files</Filter>
    </ClInclude>
    <ClInclude Include="Nodes\MapViewNode.h">
      <Filter>Header Files</Filter>
    </ClInclude>
    <ClInclude Include="Nodes\VideoPrevNode.h">
      <Filter>Header Files</Filter>
    </ClInclude>
    <ClInclude Include="Nodes\FileNode.h">
      <Filter>Header Files</Filter>
    </ClInclude>
    <ClInclude Include="Nodes\INode.h">
      <Filter>Header Files</Filter>
    </ClInclude>
  </ItemGroup>
</Project>